# This file is automatically @generated by Cargo.
# It is not intended for manual editing.
version = 4

[[package]]
name = "bitflags"
version = "1.3.2"
source = "registry+https://github.com/rust-lang/crates.io-index"
checksum = "bef38d45163c2f1dde094a7dfd33ccf595c92905c8f8f4fdc18d06fb1037718a"

[[package]]
name = "pallet-revive-proc-macro"
version = "0.1.0"
source = "git+https://github.com/paritytech/polkadot-sdk.git?rev=d62a90c8c729acd98c7e9a5cab9803b8b211ffc5#d62a90c8c729acd98c7e9a5cab9803b8b211ffc5"
dependencies = [
 "proc-macro2",
 "quote",
 "syn",
]

[[package]]
name = "pallet-revive-uapi"
version = "0.1.0"
source = "git+https://github.com/paritytech/polkadot-sdk.git?rev=d62a90c8c729acd98c7e9a5cab9803b8b211ffc5#d62a90c8c729acd98c7e9a5cab9803b8b211ffc5"
dependencies = [
 "bitflags",
 "pallet-revive-proc-macro",
 "paste",
 "polkavm-derive",
]

[[package]]
name = "paste"
version = "1.0.15"
source = "registry+https://github.com/rust-lang/crates.io-index"
checksum = "57c0d7b74b563b49d38dae00a0c37d4d6de9b432382b2892f0574ddcae73fd0a"

[[package]]
name = "polkavm-common"
version = "0.19.0"
source = "registry+https://github.com/rust-lang/crates.io-index"
checksum = "a972bd305ba8cbf0de79951d6d49d2abfad47c277596be5a2c6a0924a163abbd"

[[package]]
name = "polkavm-derive"
version = "0.19.0"
source = "registry+https://github.com/rust-lang/crates.io-index"
checksum = "d8d866972a7532d82d05c26b4516563660dd6676d7ab9e64e681d8ef0e29255c"
dependencies = [
 "polkavm-derive-impl-macro",
]

[[package]]
name = "polkavm-derive-impl"
version = "0.19.0"
source = "registry+https://github.com/rust-lang/crates.io-index"
checksum = "5cffca9d51b21153395a192b65698457687bc51daa41026629895542ccaa65c2"
dependencies = [
 "polkavm-common",
 "proc-macro2",
 "quote",
 "syn",
]

[[package]]
name = "polkavm-derive-impl-macro"
version = "0.19.0"
source = "registry+https://github.com/rust-lang/crates.io-index"
checksum = "cc0dc0cf2e8f4d30874131eccfa36bdabd4a52cfb79c15f8630508abaf06a2a6"
dependencies = [
 "polkavm-derive-impl",
 "syn",
]

[[package]]
name = "proc-macro2"
version = "1.0.93"
source = "registry+https://github.com/rust-lang/crates.io-index"
checksum = "60946a68e5f9d28b0dc1c21bb8a97ee7d018a8b322fa57838ba31cc878e22d99"
dependencies = [
 "unicode-ident",
]

[[package]]
name = "quote"
version = "1.0.38"
source = "registry+https://github.com/rust-lang/crates.io-index"
checksum = "0e4dccaaaf89514f546c693ddc140f729f958c247918a13380cccc6078391acc"
dependencies = [
 "proc-macro2",
]

[[package]]
name = "rust-contract-template"
version = "0.1.0"
dependencies = [
 "pallet-revive-uapi",
 "polkavm-derive",
]

[[package]]
name = "syn"
version = "2.0.96"
source = "registry+https://github.com/rust-lang/crates.io-index"
checksum = "d5d0adab1ae378d7f53bdebc67a39f1f151407ef230f0ce2883572f5d8985c80"
dependencies = [
 "proc-macro2",
 "quote",
 "unicode-ident",
]

[[package]]
name = "unicode-ident"
version = "1.0.15"
source = "registry+https://github.com/rust-lang/crates.io-index"
checksum = "11cd88e12b17c6494200a9c1b683a04fcac9573ed74cd1b62aeb2727c5592243"
