# This file is automatically @generated by Cargo.
# It is not intended for manual editing.
version = 4

[[package]]
name = "bitflags"
version = "1.3.2"
source = "registry+https://github.com/rust-lang/crates.io-index"
checksum = "bef38d45163c2f1dde094a7dfd33ccf595c92905c8f8f4fdc18d06fb1037718a"

[[package]]
name = "pallet-revive-uapi"
version = "0.1.0"
source = "git+https://github.com/paritytech/polkadot-sdk.git?rev=1f381f606033f3ae67c86dbe57bbb94c96dc3092#1f381f606033f3ae67c86dbe57bbb94c96dc3092"
dependencies = [
 "bitflags",
 "paste",
 "polkavm-derive",
]

[[package]]
name = "paste"
version = "1.0.15"
source = "registry+https://github.com/rust-lang/crates.io-index"
checksum = "57c0d7b74b563b49d38dae00a0c37d4d6de9b432382b2892f0574ddcae73fd0a"

[[package]]
name = "polkavm-common"
version = "0.14.0"
source = "registry+https://github.com/rust-lang/crates.io-index"
checksum = "711952a783e9c5ad407cdacb1ed147f36d37c5d43417c1091d86456d2999417b"

[[package]]
name = "polkavm-derive"
version = "0.14.0"
source = "registry+https://github.com/rust-lang/crates.io-index"
checksum = "b4832a0aebf6cefc988bb7b2d74ea8c86c983164672e2fc96300f356a1babfc1"
dependencies = [
 "polkavm-derive-impl-macro",
]

[[package]]
name = "polkavm-derive-impl"
version = "0.14.0"
source = "registry+https://github.com/rust-lang/crates.io-index"
checksum = "e339fc7c11310fe5adf711d9342278ac44a75c9784947937cce12bd4f30842f2"
dependencies = [
 "polkavm-common",
 "proc-macro2",
 "quote",
 "syn",
]

[[package]]
name = "polkavm-derive-impl-macro"
version = "0.14.0"
source = "registry+https://github.com/rust-lang/crates.io-index"
checksum = "b569754b15060d03000c09e3bf11509d527f60b75d79b4c30c3625b5071d9702"
dependencies = [
 "polkavm-derive-impl",
 "syn",
]

[[package]]
name = "proc-macro2"
version = "1.0.89"
source = "registry+https://github.com/rust-lang/crates.io-index"
checksum = "f139b0662de085916d1fb67d2b4169d1addddda1919e696f3252b740b629986e"
dependencies = [
 "unicode-ident",
]

[[package]]
name = "quote"
version = "1.0.37"
source = "registry+https://github.com/rust-lang/crates.io-index"
checksum = "b5b9d34b8991d19d98081b46eacdd8eb58c6f2b201139f7c5f643cc155a633af"
dependencies = [
 "proc-macro2",
]

[[package]]
name = "rust-contract-template"
version = "0.1.0"
dependencies = [
 "pallet-revive-uapi",
 "polkavm-derive",
]

[[package]]
name = "syn"
version = "2.0.87"
source = "registry+https://github.com/rust-lang/crates.io-index"
checksum = "25aa4ce346d03a6dcd68dd8b4010bcb74e54e62c90c573f394c46eae99aba32d"
dependencies = [
 "proc-macro2",
 "quote",
 "unicode-ident",
]

[[package]]
name = "unicode-ident"
version = "1.0.13"
source = "registry+https://github.com/rust-lang/crates.io-index"
checksum = "e91b56cd4cadaeb79bbf1a5645f6b4f8dc5bde8834ad5894a8db35fda9efa1fe"
